
Microsoft Visual Studio Solution File, Format Version 12.00
# Visual Studio Version 17
VisualStudioVersion = 17.9.34616.47
MinimumVisualStudioVersion = 10.0.40219.1
Project("{FAE04EC0-301F-11D3-BF4B-00C04F79EFBC}") = "List", "Collections\List.csproj", "{B2CC6EEE-0650-40B8-A098-4BAF29E60877}"
EndProject
Project("{FAE04EC0-301F-11D3-BF4B-00C04F79EFBC}") = "LinkedList", "Task 13.6.2\LinkedList.csproj", "{9636EEDC-8416-4884-BDC8-34E8F366DE3C}"
EndProject
Global
	GlobalSection(SolutionConfigurationPlatforms) = preSolution
		Debug|Any CPU = Debug|Any CPU
		Release|Any CPU = Release|Any CPU
	EndGlobalSection
	GlobalSection(ProjectConfigurationPlatforms) = postSolution
		{B2CC6EEE-0650-40B8-A098-4BAF29E60877}.Debug|Any CPU.ActiveCfg = Debug|Any CPU
		{B2CC6EEE-0650-40B8-A098-4BAF29E60877}.Debug|Any CPU.Build.0 = Debug|Any CPU
		{B2CC6EEE-0650-40B8-A098-4BAF29E60877}.Release|Any CPU.ActiveCfg = Release|Any CPU
		{B2CC6EEE-0650-40B8-A098-4BAF29E60877}.Release|Any CPU.Build.0 = Release|Any CPU
		{9636EEDC-8416-4884-BDC8-34E8F366DE3C}.Debug|Any CPU.ActiveCfg = Debug|Any CPU
		{9636EEDC-8416-4884-BDC8-34E8F366DE3C}.Debug|Any CPU.Build.0 = Debug|Any CPU
		{9636EEDC-8416-4884-BDC8-34E8F366DE3C}.Release|Any CPU.ActiveCfg = Release|Any CPU
		{9636EEDC-8416-4884-BDC8-34E8F366DE3C}.Release|Any CPU.Build.0 = Release|Any CPU
	EndGlobalSection
	GlobalSection(SolutionProperties) = preSolution
		HideSolutionNode = FALSE
	EndGlobalSection
	GlobalSection(ExtensibilityGlobals) = postSolution
		SolutionGuid = {3441CD4D-5B8C-4689-972F-BAE9B48123CD}
	EndGlobalSection
EndGlobal
